
Microsoft Visual Studio Solution File, Format Version 12.00
# Visual Studio Version 16
VisualStudioVersion = 16.0.28729.10
MinimumVisualStudioVersion = 10.0.40219.1
Project("{FAE04EC0-301F-11D3-BF4B-00C04F79EFBC}") = "SimponiApp.Android", "SimponiApp\SimponiApp.Android\SimponiApp.Android.csproj", "{FC5CC0E7-D0B1-4B25-AFFA-DEFBC1C0CB74}"
EndProject
Project("{FAE04EC0-301F-11D3-BF4B-00C04F79EFBC}") = "SimponiApp.iOS", "SimponiApp\SimponiApp.iOS\SimponiApp.iOS.csproj", "{50FF0FCD-F6E7-4EB1-BC2D-4D145825AEDD}"
EndProject
Project("{FAE04EC0-301F-11D3-BF4B-00C04F79EFBC}") = "SimponiApp", "SimponiApp\SimponiApp\SimponiApp.csproj", "{9907DCFE-049D-4B7C-B7F8-596F54FD6D96}"
EndProject
Global
	GlobalSection(SolutionConfigurationPlatforms) = preSolution
		Debug|Any CPU = Debug|Any CPU
		Debug|iPhone = Debug|iPhone
		Debug|iPhoneSimulator = Debug|iPhoneSimulator
		Release|Any CPU = Release|Any CPU
		Release|iPhone = Release|iPhone
		Release|iPhoneSimulator = Release|iPhoneSimulator
	EndGlobalSection
	GlobalSection(ProjectConfigurationPlatforms) = postSolution
		{FC5CC0E7-D0B1-4B25-AFFA-DEFBC1C0CB74}.Debug|Any CPU.ActiveCfg = Debug|Any CPU
		{FC5CC0E7-D0B1-4B25-AFFA-DEFBC1C0CB74}.Debug|Any CPU.Build.0 = Debug|Any CPU
		{FC5CC0E7-D0B1-4B25-AFFA-DEFBC1C0CB74}.Debug|Any CPU.Deploy.0 = Debug|Any CPU
		{FC5CC0E7-D0B1-4B25-AFFA-DEFBC1C0CB74}.Debug|iPhone.ActiveCfg = Debug|Any CPU
		{FC5CC0E7-D0B1-4B25-AFFA-DEFBC1C0CB74}.Debug|iPhone.Build.0 = Debug|Any CPU
		{FC5CC0E7-D0B1-4B25-AFFA-DEFBC1C0CB74}.Debug|iPhone.Deploy.0 = Debug|Any CPU
		{FC5CC0E7-D0B1-4B25-AFFA-DEFBC1C0CB74}.Debug|iPhoneSimulator.ActiveCfg = Debug|Any CPU
		{FC5CC0E7-D0B1-4B25-AFFA-DEFBC1C0CB74}.Debug|iPhoneSimulator.Build.0 = Debug|Any CPU
		{FC5CC0E7-D0B1-4B25-AFFA-DEFBC1C0CB74}.Debug|iPhoneSimulator.Deploy.0 = Debug|Any CPU
		{FC5CC0E7-D0B1-4B25-AFFA-DEFBC1C0CB74}.Release|Any CPU.ActiveCfg = Release|Any CPU
		{FC5CC0E7-D0B1-4B25-AFFA-DEFBC1C0CB74}.Release|Any CPU.Build.0 = Release|Any CPU
		{FC5CC0E7-D0B1-4B25-AFFA-DEFBC1C0CB74}.Release|Any CPU.Deploy.0 = Release|Any CPU
		{FC5CC0E7-D0B1-4B25-AFFA-DEFBC1C0CB74}.Release|iPhone.ActiveCfg = Release|Any CPU
		{FC5CC0E7-D0B1-4B25-AFFA-DEFBC1C0CB74}.Release|iPhone.Build.0 = Release|Any CPU
		{FC5CC0E7-D0B1-4B25-AFFA-DEFBC1C0CB74}.Release|iPhone.Deploy.0 = Release|Any CPU
		{FC5CC0E7-D0B1-4B25-AFFA-DEFBC1C0CB74}.Release|iPhoneSimulator.ActiveCfg = Release|Any CPU
		{FC5CC0E7-D0B1-4B25-AFFA-DEFBC1C0CB74}.Release|iPhoneSimulator.Build.0 = Release|Any CPU
		{FC5CC0E7-D0B1-4B25-AFFA-DEFBC1C0CB74}.Release|iPhoneSimulator.Deploy.0 = Release|Any CPU
		{50FF0FCD-F6E7-4EB1-BC2D-4D145825AEDD}.Debug|Any CPU.ActiveCfg = Debug|iPhoneSimulator
		{50FF0FCD-F6E7-4EB1-BC2D-4D145825AEDD}.Debug|Any CPU.Build.0 = Debug|iPhoneSimulator
		{50FF0FCD-F6E7-4EB1-BC2D-4D145825AEDD}.Debug|Any CPU.Deploy.0 = Debug|iPhoneSimulator
		{50FF0FCD-F6E7-4EB1-BC2D-4D145825AEDD}.Debug|iPhone.ActiveCfg = Debug|iPhone
		{50FF0FCD-F6E7-4EB1-BC2D-4D145825AEDD}.Debug|iPhone.Build.0 = Debug|iPhone
		{50FF0FCD-F6E7-4EB1-BC2D-4D145825AEDD}.Debug|iPhone.Deploy.0 = Debug|iPhone
		{50FF0FCD-F6E7-4EB1-BC2D-4D145825AEDD}.Debug|iPhoneSimulator.ActiveCfg = Debug|iPhoneSimulator
		{50FF0FCD-F6E7-4EB1-BC2D-4D145825AEDD}.Debug|iPhoneSimulator.Build.0 = Debug|iPhoneSimulator
		{50FF0FCD-F6E7-4EB1-BC2D-4D145825AEDD}.Debug|iPhoneSimulator.Deploy.0 = Debug|iPhoneSimulator
		{50FF0FCD-F6E7-4EB1-BC2D-4D145825AEDD}.Release|Any CPU.ActiveCfg = Release|iPhone
		{50FF0FCD-F6E7-4EB1-BC2D-4D145825AEDD}.Release|Any CPU.Build.0 = Release|iPhone
		{50FF0FCD-F6E7-4EB1-BC2D-4D145825AEDD}.Release|Any CPU.Deploy.0 = Release|iPhone
		{50FF0FCD-F6E7-4EB1-BC2D-4D145825AEDD}.Release|iPhone.ActiveCfg = Release|iPhone
		{50FF0FCD-F6E7-4EB1-BC2D-4D145825AEDD}.Release|iPhone.Build.0 = Release|iPhone
		{50FF0FCD-F6E7-4EB1-BC2D-4D145825AEDD}.Release|iPhone.Deploy.0 = Release|iPhone
		{50FF0FCD-F6E7-4EB1-BC2D-4D145825AEDD}.Release|iPhoneSimulator.ActiveCfg = Release|iPhoneSimulator
		{50FF0FCD-F6E7-4EB1-BC2D-4D145825AEDD}.Release|iPhoneSimulator.Build.0 = Release|iPhoneSimulator
		{50FF0FCD-F6E7-4EB1-BC2D-4D145825AEDD}.Release|iPhoneSimulator.Deploy.0 = Release|iPhoneSimulator
		{9907DCFE-049D-4B7C-B7F8-596F54FD6D96}.Debug|Any CPU.ActiveCfg = Debug|Any CPU
		{9907DCFE-049D-4B7C-B7F8-596F54FD6D96}.Debug|Any CPU.Build.0 = Debug|Any CPU
		{9907DCFE-049D-4B7C-B7F8-596F54FD6D96}.Debug|Any CPU.Deploy.0 = Debug|Any CPU
		{9907DCFE-049D-4B7C-B7F8-596F54FD6D96}.Debug|iPhone.ActiveCfg = Debug|Any CPU
		{9907DCFE-049D-4B7C-B7F8-596F54FD6D96}.Debug|iPhone.Build.0 = Debug|Any CPU
		{9907DCFE-049D-4B7C-B7F8-596F54FD6D96}.Debug|iPhone.Deploy.0 = Debug|Any CPU
		{9907DCFE-049D-4B7C-B7F8-596F54FD6D96}.Debug|iPhoneSimulator.ActiveCfg = Debug|Any CPU
		{9907DCFE-049D-4B7C-B7F8-596F54FD6D96}.Debug|iPhoneSimulator.Build.0 = Debug|Any CPU
		{9907DCFE-049D-4B7C-B7F8-596F54FD6D96}.Debug|iPhoneSimulator.Deploy.0 = Debug|Any CPU
		{9907DCFE-049D-4B7C-B7F8-596F54FD6D96}.Release|Any CPU.ActiveCfg = Release|Any CPU
		{9907DCFE-049D-4B7C-B7F8-596F54FD6D96}.Release|Any CPU.Build.0 = Release|Any CPU
		{9907DCFE-049D-4B7C-B7F8-596F54FD6D96}.Release|Any CPU.Deploy.0 = Release|Any CPU
		{9907DCFE-049D-4B7C-B7F8-596F54FD6D96}.Release|iPhone.ActiveCfg = Release|Any CPU
		{9907DCFE-049D-4B7C-B7F8-596F54FD6D96}.Release|iPhone.Build.0 = Release|Any CPU
		{9907DCFE-049D-4B7C-B7F8-596F54FD6D96}.Release|iPhone.Deploy.0 = Release|Any CPU
		{9907DCFE-049D-4B7C-B7F8-596F54FD6D96}.Release|iPhoneSimulator.ActiveCfg = Release|Any CPU
		{9907DCFE-049D-4B7C-B7F8-596F54FD6D96}.Release|iPhoneSimulator.Build.0 = Release|Any CPU
		{9907DCFE-049D-4B7C-B7F8-596F54FD6D96}.Release|iPhoneSimulator.Deploy.0 = Release|Any CPU
	EndGlobalSection
	GlobalSection(SolutionProperties) = preSolution
		HideSolutionNode = FALSE
	EndGlobalSection
	GlobalSection(ExtensibilityGlobals) = postSolution
		SolutionGuid = {D0C711AE-C679-4C23-8926-AB70C9FA2C4B}
	EndGlobalSection
EndGlobal
